
Microsoft Visual Studio Solution File, Format Version 12.00
# Visual Studio Version 17
VisualStudioVersion = 17.11.35303.130
MinimumVisualStudioVersion = 10.0.40219.1
Project("{FAE04EC0-301F-11D3-BF4B-00C04F79EFBC}") = "ConsoleApp2", "ConsoleApp2\ConsoleApp2.csproj", "{FFB1D2E7-ABD2-4124-81AB-C94C83FCE410}"
EndProject
Global
	GlobalSection(SolutionConfigurationPlatforms) = preSolution
		Debug|Any CPU = Debug|Any CPU
		Release|Any CPU = Release|Any CPU
	EndGlobalSection
	GlobalSection(ProjectConfigurationPlatforms) = postSolution
		{FFB1D2E7-ABD2-4124-81AB-C94C83FCE410}.Debug|Any CPU.ActiveCfg = Debug|Any CPU
		{FFB1D2E7-ABD2-4124-81AB-C94C83FCE410}.Debug|Any CPU.Build.0 = Debug|Any CPU
		{FFB1D2E7-ABD2-4124-81AB-C94C83FCE410}.Release|Any CPU.ActiveCfg = Release|Any CPU
		{FFB1D2E7-ABD2-4124-81AB-C94C83FCE410}.Release|Any CPU.Build.0 = Release|Any CPU
	EndGlobalSection
	GlobalSection(SolutionProperties) = preSolution
		HideSolutionNode = FALSE
	EndGlobalSection
	GlobalSection(ExtensibilityGlobals) = postSolution
		SolutionGuid = {B09501BB-34A4-4F2A-AA28-F4D1F7DF18B5}
	EndGlobalSection
EndGlobal
